
Microsoft Visual Studio Solution File, Format Version 12.00
# Visual Studio 14
VisualStudioVersion = 14.0.25420.1
MinimumVisualStudioVersion = 10.0.40219.1
Project("{FAE04EC0-301F-11D3-BF4B-00C04F79EFBC}") = "DVD Service", "DVD Service\DVD Service.csproj", "{60C3C38D-E61E-4D24-8A33-A37BB715FE7E}"
EndProject
Project("{FAE04EC0-301F-11D3-BF4B-00C04F79EFBC}") = "DVD Service.Tests", "DVD Service.Tests\DVD Service.Tests.csproj", "{AD07DA0E-DE3B-4E98-9444-FA9E37B365EA}"
EndProject
Global
	GlobalSection(SolutionConfigurationPlatforms) = preSolution
		Debug|Any CPU = Debug|Any CPU
		Release|Any CPU = Release|Any CPU
	EndGlobalSection
	GlobalSection(ProjectConfigurationPlatforms) = postSolution
		{60C3C38D-E61E-4D24-8A33-A37BB715FE7E}.Debug|Any CPU.ActiveCfg = Debug|Any CPU
		{60C3C38D-E61E-4D24-8A33-A37BB715FE7E}.Debug|Any CPU.Build.0 = Debug|Any CPU
		{60C3C38D-E61E-4D24-8A33-A37BB715FE7E}.Release|Any CPU.ActiveCfg = Release|Any CPU
		{60C3C38D-E61E-4D24-8A33-A37BB715FE7E}.Release|Any CPU.Build.0 = Release|Any CPU
		{AD07DA0E-DE3B-4E98-9444-FA9E37B365EA}.Debug|Any CPU.ActiveCfg = Debug|Any CPU
		{AD07DA0E-DE3B-4E98-9444-FA9E37B365EA}.Debug|Any CPU.Build.0 = Debug|Any CPU
		{AD07DA0E-DE3B-4E98-9444-FA9E37B365EA}.Release|Any CPU.ActiveCfg = Release|Any CPU
		{AD07DA0E-DE3B-4E98-9444-FA9E37B365EA}.Release|Any CPU.Build.0 = Release|Any CPU
	EndGlobalSection
	GlobalSection(SolutionProperties) = preSolution
		HideSolutionNode = FALSE
	EndGlobalSection
EndGlobal
